
Microsoft Visual Studio Solution File, Format Version 12.00
# Visual Studio 15
VisualStudioVersion = 15.0.28307.329
MinimumVisualStudioVersion = 10.0.40219.1
Project("{FAE04EC0-301F-11D3-BF4B-00C04F79EFBC}") = "MiniProjetSnakeGame", "MiniProjetSnakeGame\MiniProjetSnakeGame.csproj", "{F753E1B8-57A7-4FF2-804E-CB664F9B808E}"
EndProject
Global
	GlobalSection(SolutionConfigurationPlatforms) = preSolution
		Debug|Any CPU = Debug|Any CPU
		Release|Any CPU = Release|Any CPU
	EndGlobalSection
	GlobalSection(ProjectConfigurationPlatforms) = postSolution
		{F753E1B8-57A7-4FF2-804E-CB664F9B808E}.Debug|Any CPU.ActiveCfg = Debug|Any CPU
		{F753E1B8-57A7-4FF2-804E-CB664F9B808E}.Debug|Any CPU.Build.0 = Debug|Any CPU
		{F753E1B8-57A7-4FF2-804E-CB664F9B808E}.Release|Any CPU.ActiveCfg = Release|Any CPU
		{F753E1B8-57A7-4FF2-804E-CB664F9B808E}.Release|Any CPU.Build.0 = Release|Any CPU
	EndGlobalSection
	GlobalSection(SolutionProperties) = preSolution
		HideSolutionNode = FALSE
	EndGlobalSection
	GlobalSection(ExtensibilityGlobals) = postSolution
		SolutionGuid = {D39F1772-6316-4D97-8ECE-A6B2D167608A}
	EndGlobalSection
EndGlobal
